<?xml version="1.0" encoding="utf-8"?>
<Project ToolsVersion="4.0" xmlns="http://schemas.microsoft.com/developer/msbuild/2003">
  <ItemGroup>
    <Filter Include="소스 파일">
      <UniqueIdentifier>{4FC737F1-C7A5-4376-A066-2A32D752A2FF}</UniqueIdentifier>
      <Extensions>
      </Extensions>
    </Filter>
    <Filter Include="리소스 파일">
      <UniqueIdentifier>{67DA6AB6-F800-4c08-8B7A-83BB121AAD01}</UniqueIdentifier>
      <Extensions>rc;ico;cur;bmp;dlg;rc2;rct;bin;rgs;gif;jpg;jpeg;jpe;resx;tiff;tif;png;wav;mfcribbon-ms</Extensions>
    </Filter>
    <Filter Include="defalut">
      <UniqueIdentifier>{93995380-89BD-4b04-88EB-625FBE52EBFB}</UniqueIdentifier>
      <Extensions>
      </Extensions>
    </Filter>
    <Filter Include="defalut\pch">
      <UniqueIdentifier>{3e78cfcc-91de-4f68-a405-8911777a63d7}</UniqueIdentifier>
    </Filter>
    <Filter Include="소스 파일\Core">
      <UniqueIdentifier>{e58e2482-3289-4f42-a6c6-4e624b31a8a0}</UniqueIdentifier>
    </Filter>
    <Filter Include="소스 파일\Device">
      <UniqueIdentifier>{50e34592-dd21-4fb4-af36-b360d7202c92}</UniqueIdentifier>
    </Filter>
    <Filter Include="소스 파일\Manager">
      <UniqueIdentifier>{077c5e10-c385-454d-90a4-e1095e39ec5c}</UniqueIdentifier>
    </Filter>
    <Filter Include="소스 파일\Resource">
      <UniqueIdentifier>{836569b1-c1fc-4546-b7a8-94bf2ad220f1}</UniqueIdentifier>
    </Filter>
    <Filter Include="소스 파일\GameObject">
      <UniqueIdentifier>{1881802a-c320-41c1-b00c-5002c3940123}</UniqueIdentifier>
    </Filter>
    <Filter Include="소스 파일\Component">
      <UniqueIdentifier>{9d8df306-c3ff-4ad0-878d-d1e2ec021595}</UniqueIdentifier>
    </Filter>
    <Filter Include="소스 파일\Module">
      <UniqueIdentifier>{275809fe-c2f5-4fea-8ed5-b1a029952561}</UniqueIdentifier>
    </Filter>
    <Filter Include="소스 파일\Module\single">
      <UniqueIdentifier>{d84d2487-a544-4e20-8439-c02ce0dad303}</UniqueIdentifier>
    </Filter>
    <Filter Include="소스 파일\Module\file">
      <UniqueIdentifier>{4eb80083-3df0-4ff8-a4fa-6d00a048fe7a}</UniqueIdentifier>
    </Filter>
    <Filter Include="소스 파일\Header">
      <UniqueIdentifier>{7ab14e06-c6f7-4d30-8528-d9281c56648d}</UniqueIdentifier>
    </Filter>
    <Filter Include="소스 파일\Manager\Time">
      <UniqueIdentifier>{91cc3827-e6c2-44d3-9b3b-b19c0db1b584}</UniqueIdentifier>
    </Filter>
    <Filter Include="소스 파일\Shader">
      <UniqueIdentifier>{619ac0b7-8c67-4e09-97f7-6528ee3f2953}</UniqueIdentifier>
    </Filter>
    <Filter Include="소스 파일\Resource\Mesh">
      <UniqueIdentifier>{234804df-e02a-4f23-88f6-80b05490bc3c}</UniqueIdentifier>
    </Filter>
    <Filter Include="소스 파일\Resource\Sound">
      <UniqueIdentifier>{8a0b9e8b-d4f4-42ed-91a2-d9df68fa7be6}</UniqueIdentifier>
    </Filter>
    <Filter Include="소스 파일\Resource\Texture">
      <UniqueIdentifier>{f6a6273d-aa64-468f-bc60-3dd954648cf4}</UniqueIdentifier>
    </Filter>
    <Filter Include="소스 파일\Resource\Shader">
      <UniqueIdentifier>{33506e64-5a2b-4f92-8d10-fc671fcb6f6b}</UniqueIdentifier>
    </Filter>
    <Filter Include="FILE">
      <UniqueIdentifier>{c6b1a009-4150-4009-8cd2-13d1efeb2440}</UniqueIdentifier>
    </Filter>
    <Filter Include="소스 파일\Device\ConstantBuffer">
      <UniqueIdentifier>{76101d10-7379-453b-a42d-286c40a86bac}</UniqueIdentifier>
    </Filter>
    <Filter Include="소스 파일\Manager\ResourceManager">
      <UniqueIdentifier>{56bebf2a-85bd-4087-bf52-301384c4a2a5}</UniqueIdentifier>
    </Filter>
    <Filter Include="소스 파일\Component\Transform">
      <UniqueIdentifier>{84d72516-fd00-4250-90a1-9aca89bfc6b5}</UniqueIdentifier>
    </Filter>
    <Filter Include="소스 파일\Component\MeshRender">
      <UniqueIdentifier>{cf382a8d-166d-42ed-9124-b07515c268ae}</UniqueIdentifier>
    </Filter>
    <Filter Include="소스 파일\Component\Camera">
      <UniqueIdentifier>{9e0f3d81-4c73-4dd0-beee-fc0a76f866cd}</UniqueIdentifier>
    </Filter>
    <Filter Include="소스 파일\Manager\SceneManger">
      <UniqueIdentifier>{09b45c54-98fb-4c2f-84df-dd54b6f239aa}</UniqueIdentifier>
    </Filter>
    <Filter Include="소스 파일\Manager\SceneManger\Scene">
      <UniqueIdentifier>{320e99c0-03a3-490a-9a5d-4b5919e54f45}</UniqueIdentifier>
    </Filter>
    <Filter Include="소스 파일\Manager\SceneManger\Layer">
      <UniqueIdentifier>{c846afa6-eca1-48e8-b849-e8f646077da1}</UniqueIdentifier>
    </Filter>
    <Filter Include="소스 파일\Resource\Material">
      <UniqueIdentifier>{6d7557cf-6da5-4f62-843f-f461c815d052}</UniqueIdentifier>
    </Filter>
    <Filter Include="소스 파일\Component\Script">
      <UniqueIdentifier>{b108d774-af85-42a0-b242-2e6b76652b87}</UniqueIdentifier>
    </Filter>
    <Filter Include="소스 파일\Scripts">
      <UniqueIdentifier>{343b89ab-ca6f-4e13-bc9e-0677b8263ffa}</UniqueIdentifier>
    </Filter>
    <Filter Include="소스 파일\Scripts\PlayerScript">
      <UniqueIdentifier>{21d13f8f-a823-475b-9168-6e2e36e78124}</UniqueIdentifier>
    </Filter>
    <Filter Include="소스 파일\Scripts\CameraScirpt">
      <UniqueIdentifier>{013b7eb5-a917-406c-b4b0-e87928609448}</UniqueIdentifier>
    </Filter>
    <Filter Include="소스 파일\Resource\Shader\CComputeShader">
      <UniqueIdentifier>{85634c3e-1695-4008-b6dc-17edec8ba8e9}</UniqueIdentifier>
    </Filter>
    <Filter Include="소스 파일\Resource\Shader\CGraphicsShader">
      <UniqueIdentifier>{a436f519-4342-47b9-a8f7-c6aec2408da3}</UniqueIdentifier>
    </Filter>
    <Filter Include="소스 파일\Manager\EventManager">
      <UniqueIdentifier>{6d5072fe-aa43-4d4b-9884-7e4920220f55}</UniqueIdentifier>
    </Filter>
    <Filter Include="소스 파일\Manager\PathManager">
      <UniqueIdentifier>{8ad8300c-ac8a-4a63-9632-7886fb23d981}</UniqueIdentifier>
    </Filter>
    <Filter Include="소스 파일\Manager\KeyManager">
      <UniqueIdentifier>{4cce0ce0-b0ad-4509-9f74-3aca177024aa}</UniqueIdentifier>
    </Filter>
    <Filter Include="소스 파일\Scripts\BulletScript">
      <UniqueIdentifier>{7783ea49-43fb-4f1e-8a13-0296ac1f4126}</UniqueIdentifier>
    </Filter>
  </ItemGroup>
  <ItemGroup>
    <ClInclude Include="framework.h">
      <Filter>defalut</Filter>
    </ClInclude>
    <ClInclude Include="pch.h">
      <Filter>defalut\pch</Filter>
    </ClInclude>
    <ClInclude Include="singleton.h">
      <Filter>소스 파일\Module\single</Filter>
    </ClInclude>
    <ClInclude Include="CKeyManager.h">
      <Filter>소스 파일\Manager\KeyManager</Filter>
    </ClInclude>
    <ClInclude Include="CPathManager.h">
      <Filter>소스 파일\Manager\PathManager</Filter>
    </ClInclude>
    <ClInclude Include="CTimeManager.h">
      <Filter>소스 파일\Manager\Time</Filter>
    </ClInclude>
    <ClInclude Include="define.h">
      <Filter>소스 파일\Header</Filter>
    </ClInclude>
    <ClInclude Include="extern.h">
      <Filter>소스 파일\Header</Filter>
    </ClInclude>
    <ClInclude Include="func.h">
      <Filter>소스 파일\Header</Filter>
    </ClInclude>
    <ClInclude Include="CCore.h">
      <Filter>소스 파일\Core</Filter>
    </ClInclude>
    <ClInclude Include="CDevice.h">
      <Filter>소스 파일\Device</Filter>
    </ClInclude>
    <ClInclude Include="SimpleMath.h">
      <Filter>소스 파일\Header</Filter>
    </ClInclude>
    <ClInclude Include="struct.h">
      <Filter>소스 파일\Header</Filter>
    </ClInclude>
    <ClInclude Include="CEntity.h" />
    <ClInclude Include="CResource.h">
      <Filter>소스 파일\Resource</Filter>
    </ClInclude>
    <ClInclude Include="CMesh.h">
      <Filter>소스 파일\Resource\Mesh</Filter>
    </ClInclude>
    <ClInclude Include="CShader.h">
      <Filter>소스 파일\Resource\Shader</Filter>
    </ClInclude>
    <ClInclude Include="CConstBuffer.h">
      <Filter>소스 파일\Device\ConstantBuffer</Filter>
    </ClInclude>
    <ClInclude Include="CResourceManager.h">
      <Filter>소스 파일\Manager\ResourceManager</Filter>
    </ClInclude>
    <ClInclude Include="CTexture.h">
      <Filter>소스 파일\Resource\Texture</Filter>
    </ClInclude>
    <ClInclude Include="util.h">
      <Filter>소스 파일\Header</Filter>
    </ClInclude>
    <ClInclude Include="CGameObject.h">
      <Filter>소스 파일\GameObject</Filter>
    </ClInclude>
    <ClInclude Include="CComponent.h">
      <Filter>소스 파일\Component</Filter>
    </ClInclude>
    <ClInclude Include="CMeshRender.h">
      <Filter>소스 파일\Component\MeshRender</Filter>
    </ClInclude>
    <ClInclude Include="CTransform.h">
      <Filter>소스 파일\Component\Transform</Filter>
    </ClInclude>
    <ClInclude Include="CCamera.h">
      <Filter>소스 파일\Component\Camera</Filter>
    </ClInclude>
    <ClInclude Include="CScene.h">
      <Filter>소스 파일\Manager\SceneManger\Scene</Filter>
    </ClInclude>
    <ClInclude Include="CSceneManager.h">
      <Filter>소스 파일\Manager\SceneManger</Filter>
    </ClInclude>
    <ClInclude Include="CLayer.h">
      <Filter>소스 파일\Manager\SceneManger\Layer</Filter>
    </ClInclude>
    <ClInclude Include="resource.h" />
    <ClInclude Include="CMaterial.h">
      <Filter>소스 파일\Resource\Material</Filter>
    </ClInclude>
    <ClInclude Include="CScript.h">
      <Filter>소스 파일\Component\Script</Filter>
    </ClInclude>
    <ClInclude Include="CPlayerScript.h">
      <Filter>소스 파일\Scripts\PlayerScript</Filter>
    </ClInclude>
    <ClInclude Include="ptr.h">
      <Filter>소스 파일\Resource</Filter>
    </ClInclude>
    <ClInclude Include="CGraphicsShader.h">
      <Filter>소스 파일\Resource\Shader\CGraphicsShader</Filter>
    </ClInclude>
    <ClInclude Include="CComputeShader.h">
      <Filter>소스 파일\Resource\Shader\CComputeShader</Filter>
    </ClInclude>
    <ClInclude Include="CEventManager.h">
      <Filter>소스 파일\Manager\EventManager</Filter>
    </ClInclude>
    <ClInclude Include="CBulletScript.h">
      <Filter>소스 파일\Scripts\BulletScript</Filter>
    </ClInclude>
  </ItemGroup>
  <ItemGroup>
    <ClCompile Include="pch.cpp">
      <Filter>defalut\pch</Filter>
    </ClCompile>
    <ClCompile Include="CKeyManager.cpp">
      <Filter>소스 파일\Manager\KeyManager</Filter>
    </ClCompile>
    <ClCompile Include="CPathManager.cpp">
      <Filter>소스 파일\Manager\PathManager</Filter>
    </ClCompile>
    <ClCompile Include="CTimeManager.cpp">
      <Filter>소스 파일\Manager\Time</Filter>
    </ClCompile>
    <ClCompile Include="CCore.cpp">
      <Filter>소스 파일\Core</Filter>
    </ClCompile>
    <ClCompile Include="CDevice.cpp">
      <Filter>소스 파일\Device</Filter>
    </ClCompile>
    <ClCompile Include="CEntity.cpp" />
    <ClCompile Include="CResource.cpp">
      <Filter>소스 파일\Resource</Filter>
    </ClCompile>
    <ClCompile Include="CMesh.cpp">
      <Filter>소스 파일\Resource\Mesh</Filter>
    </ClCompile>
    <ClCompile Include="CShader.cpp">
      <Filter>소스 파일\Resource\Shader</Filter>
    </ClCompile>
    <ClCompile Include="func.cpp">
      <Filter>FILE</Filter>
    </ClCompile>
    <ClCompile Include="extern.cpp">
      <Filter>FILE</Filter>
    </ClCompile>
    <ClCompile Include="CConstBuffer.cpp">
      <Filter>소스 파일\Device\ConstantBuffer</Filter>
    </ClCompile>
    <ClCompile Include="CResourceManager.cpp">
      <Filter>소스 파일\Manager\ResourceManager</Filter>
    </ClCompile>
    <ClCompile Include="CResourceManager_init.cpp">
      <Filter>소스 파일\Manager\ResourceManager</Filter>
    </ClCompile>
    <ClCompile Include="CTexture.cpp">
      <Filter>소스 파일\Resource\Texture</Filter>
    </ClCompile>
    <ClCompile Include="CGameObject.cpp">
      <Filter>소스 파일\GameObject</Filter>
    </ClCompile>
    <ClCompile Include="CComponent.cpp">
      <Filter>소스 파일\Component</Filter>
    </ClCompile>
    <ClCompile Include="CMeshRender.cpp">
      <Filter>소스 파일\Component\MeshRender</Filter>
    </ClCompile>
    <ClCompile Include="CTransform.cpp">
      <Filter>소스 파일\Component\Transform</Filter>
    </ClCompile>
    <ClCompile Include="util.cpp">
      <Filter>FILE</Filter>
    </ClCompile>
    <ClCompile Include="CCamera.cpp">
      <Filter>소스 파일\Component\Camera</Filter>
    </ClCompile>
    <ClCompile Include="CScene.cpp">
      <Filter>소스 파일\Manager\SceneManger\Scene</Filter>
    </ClCompile>
    <ClCompile Include="CSceneManager.cpp">
      <Filter>소스 파일\Manager\SceneManger</Filter>
    </ClCompile>
    <ClCompile Include="CLayer.cpp">
      <Filter>소스 파일\Manager\SceneManger\Layer</Filter>
    </ClCompile>
    <ClCompile Include="CMaterial.cpp">
      <Filter>소스 파일\Resource\Material</Filter>
    </ClCompile>
    <ClCompile Include="CScript.cpp">
      <Filter>소스 파일\Component\Script</Filter>
    </ClCompile>
    <ClCompile Include="CPlayerScript.cpp">
      <Filter>소스 파일\Scripts\PlayerScript</Filter>
    </ClCompile>
    <ClCompile Include="CGraphicsShader.cpp">
      <Filter>소스 파일\Resource\Shader\CGraphicsShader</Filter>
    </ClCompile>
    <ClCompile Include="CComputeShader.cpp">
      <Filter>소스 파일\Resource\Shader\CComputeShader</Filter>
    </ClCompile>
    <ClCompile Include="CEventManager.cpp">
      <Filter>소스 파일\Manager\EventManager</Filter>
    </ClCompile>
    <ClCompile Include="CBulletScript.cpp">
      <Filter>소스 파일\Scripts\BulletScript</Filter>
    </ClCompile>
  </ItemGroup>
  <ItemGroup>
    <FxCompile Include="std2d.fx">
      <Filter>소스 파일\Shader</Filter>
    </FxCompile>
  </ItemGroup>
  <ItemGroup>
    <ResourceCompile Include="Engine.rc">
      <Filter>리소스 파일</Filter>
    </ResourceCompile>
  </ItemGroup>
</Project>