<?xml version="1.0" encoding="utf-8"?>
<Project ToolsVersion="4.0" xmlns="http://schemas.microsoft.com/developer/msbuild/2003">
  <ItemGroup>
    <Filter Include="헤더 파일">
      <UniqueIdentifier>{93995380-89BD-4b04-88EB-625FBE52EBFB}</UniqueIdentifier>
      <Extensions>
      </Extensions>
    </Filter>
    <Filter Include="리소스 파일">
      <UniqueIdentifier>{67DA6AB6-F800-4c08-8B7A-83BB121AAD01}</UniqueIdentifier>
      <Extensions>rc;ico;cur;bmp;dlg;rc2;rct;bin;rgs;gif;jpg;jpeg;jpe;resx;tiff;tif;png;wav;mfcribbon-ms</Extensions>
    </Filter>
    <Filter Include="Source">
      <UniqueIdentifier>{4FC737F1-C7A5-4376-A066-2A32D752A2FF}</UniqueIdentifier>
      <Extensions>
      </Extensions>
    </Filter>
    <Filter Include="Source\Core">
      <UniqueIdentifier>{198f710c-5ba6-4ac7-bbdf-fc148e7ea129}</UniqueIdentifier>
    </Filter>
    <Filter Include="Source\Header">
      <UniqueIdentifier>{489f2bbb-7b28-4868-8654-b10fb29b9876}</UniqueIdentifier>
    </Filter>
    <Filter Include="Source\Component">
      <UniqueIdentifier>{38f146f6-d423-4c40-a907-6164cefca59f}</UniqueIdentifier>
    </Filter>
    <Filter Include="Source\Component\Script">
      <UniqueIdentifier>{a158eac8-0695-4a0c-962d-85f86e3235c5}</UniqueIdentifier>
    </Filter>
    <Filter Include="Source\Component\MeshRender">
      <UniqueIdentifier>{8d5653b8-112b-40fe-b173-534e7daf7d17}</UniqueIdentifier>
    </Filter>
    <Filter Include="Source\Component\Transform">
      <UniqueIdentifier>{58ba7218-b23b-4bea-8661-96eb3739d243}</UniqueIdentifier>
    </Filter>
    <Filter Include="Source\Component\Camera">
      <UniqueIdentifier>{dad6cedd-6dfc-4579-81cd-05fb93a71ab6}</UniqueIdentifier>
    </Filter>
    <Filter Include="Source\Component\Collider">
      <UniqueIdentifier>{a7403e46-0303-4e10-a5ed-33c7ab433de2}</UniqueIdentifier>
    </Filter>
    <Filter Include="Source\Component\Collider\Collider2D">
      <UniqueIdentifier>{6e164ce2-4654-42e0-b77c-92642611229e}</UniqueIdentifier>
    </Filter>
    <Filter Include="Source\Component\Light">
      <UniqueIdentifier>{b805ced0-6d24-460e-b134-412320e645fe}</UniqueIdentifier>
    </Filter>
    <Filter Include="Source\Component\Light\Light2D">
      <UniqueIdentifier>{2bc2efb6-181b-4452-96fe-2d54c8dddd8e}</UniqueIdentifier>
    </Filter>
    <Filter Include="Source\Component\ParticleSystem">
      <UniqueIdentifier>{e5c464ab-debb-49e2-8e87-00a3307a44f9}</UniqueIdentifier>
    </Filter>
    <Filter Include="Source\Component\UI">
      <UniqueIdentifier>{943d3782-b279-4da7-805b-a28edcc4d71c}</UniqueIdentifier>
    </Filter>
    <Filter Include="Source\Component\TileMap">
      <UniqueIdentifier>{67008995-b3c2-4482-956d-3bb70b8f1154}</UniqueIdentifier>
    </Filter>
    <Filter Include="Source\Manager">
      <UniqueIdentifier>{7f1aa403-3273-43c6-887e-8729ff51e932}</UniqueIdentifier>
    </Filter>
    <Filter Include="Source\Manager\Render">
      <UniqueIdentifier>{d3aa1cde-17d6-4357-b749-4d4b4b441325}</UniqueIdentifier>
    </Filter>
    <Filter Include="Source\Manager\Collision">
      <UniqueIdentifier>{d2be4275-dc52-4ac3-a3fd-ccbade0f79a7}</UniqueIdentifier>
    </Filter>
    <Filter Include="Source\Manager\Resource">
      <UniqueIdentifier>{4232748a-7803-4b0c-a89d-72021aa90178}</UniqueIdentifier>
    </Filter>
    <Filter Include="Source\Manager\Event">
      <UniqueIdentifier>{afcddf09-1108-4739-9527-efe33ae6b5dc}</UniqueIdentifier>
    </Filter>
    <Filter Include="Source\Manager\Path">
      <UniqueIdentifier>{1400517b-7c83-4e30-90eb-694f42aa6564}</UniqueIdentifier>
    </Filter>
    <Filter Include="Source\Manager\Key">
      <UniqueIdentifier>{57f0c459-959c-4ca7-ac86-ec40681804fa}</UniqueIdentifier>
    </Filter>
    <Filter Include="Source\Manager\Time">
      <UniqueIdentifier>{720b96ae-a86e-4549-9811-a5a48c803945}</UniqueIdentifier>
    </Filter>
    <Filter Include="Source\Manager\SceneManager">
      <UniqueIdentifier>{2d4d2691-ebcf-43d7-b718-b13b409a31e6}</UniqueIdentifier>
    </Filter>
    <Filter Include="Source\Manager\SceneManager\Scene">
      <UniqueIdentifier>{35682db0-63ea-4cc2-be23-5769438c4904}</UniqueIdentifier>
    </Filter>
    <Filter Include="Source\Manager\SceneManager\Layer">
      <UniqueIdentifier>{ec493c36-350f-4323-ab16-54d38f6dff8a}</UniqueIdentifier>
    </Filter>
    <Filter Include="Source\Device">
      <UniqueIdentifier>{d32c2410-0d6b-41a0-8f66-c2e00a2547e7}</UniqueIdentifier>
    </Filter>
    <Filter Include="Source\Device\ConstBuffer">
      <UniqueIdentifier>{37866df4-e98e-4695-ac79-3af150945245}</UniqueIdentifier>
    </Filter>
    <Filter Include="Source\Device\StructureBuffer">
      <UniqueIdentifier>{cf835603-c9e9-431b-91ee-2478e8c6e1df}</UniqueIdentifier>
    </Filter>
    <Filter Include="Source\Module">
      <UniqueIdentifier>{620f8e75-21ec-4802-b88a-dd08cba8c79a}</UniqueIdentifier>
    </Filter>
    <Filter Include="Source\Module\SimpleMath">
      <UniqueIdentifier>{3f9f920b-5cf1-4061-82f5-708369316f9f}</UniqueIdentifier>
    </Filter>
    <Filter Include="Source\Module\Singleton">
      <UniqueIdentifier>{63ba0a42-2887-4606-99ee-ea2805233b70}</UniqueIdentifier>
    </Filter>
    <Filter Include="Source\FiILE">
      <UniqueIdentifier>{91ab964d-4d06-40c3-a5a4-b5e15606ddb2}</UniqueIdentifier>
    </Filter>
    <Filter Include="Source\ShaderCode">
      <UniqueIdentifier>{373616f5-2126-4baf-8562-1af2a675f340}</UniqueIdentifier>
    </Filter>
    <Filter Include="Source\ShaderCode\ComputeShader">
      <UniqueIdentifier>{6baaac69-b692-4f1d-bdc6-dccfe93da83f}</UniqueIdentifier>
    </Filter>
    <Filter Include="Source\ShaderCode\ComputeShader\ParticleUpdateShader">
      <UniqueIdentifier>{58a82fc1-5168-4d4f-af38-1c84edd1c99c}</UniqueIdentifier>
    </Filter>
    <Filter Include="Source\ShaderCode\ComputeShader\Test">
      <UniqueIdentifier>{d38ceda1-58bf-4673-a811-cfc83991e18b}</UniqueIdentifier>
    </Filter>
    <Filter Include="Source\ShaderCode\GraphicShader">
      <UniqueIdentifier>{41b5d8a1-7b7e-4a0e-8dc3-f977adb8d769}</UniqueIdentifier>
    </Filter>
    <Filter Include="Source\Resource">
      <UniqueIdentifier>{391e711d-4b23-401b-8baf-01f470504cc4}</UniqueIdentifier>
    </Filter>
    <Filter Include="Source\Resource\Material">
      <UniqueIdentifier>{09f905d9-deae-483c-ae18-4ae9fca13c0d}</UniqueIdentifier>
    </Filter>
    <Filter Include="Source\Resource\Mesh">
      <UniqueIdentifier>{7a0964fc-2dac-4ff1-b282-d0fc55d2d008}</UniqueIdentifier>
    </Filter>
    <Filter Include="Source\Resource\Prefab">
      <UniqueIdentifier>{933c549b-7e14-4cd4-9deb-31f29cb4f165}</UniqueIdentifier>
    </Filter>
    <Filter Include="Source\Resource\Shader">
      <UniqueIdentifier>{d6a0ce6d-49d8-4370-8bc4-36ff5da881c3}</UniqueIdentifier>
    </Filter>
    <Filter Include="Source\Resource\Shader\ComputeShader">
      <UniqueIdentifier>{521b4c0e-c948-4f05-bd26-a0c50b33306f}</UniqueIdentifier>
    </Filter>
    <Filter Include="Source\Resource\Shader\GraphicShader">
      <UniqueIdentifier>{767d887e-676e-4f38-8e6e-b4e473c2753d}</UniqueIdentifier>
    </Filter>
    <Filter Include="Source\Resource\Sound">
      <UniqueIdentifier>{65681179-0822-4b59-b9db-6e6124e0d710}</UniqueIdentifier>
    </Filter>
    <Filter Include="Source\Resource\Texture">
      <UniqueIdentifier>{dc74ca73-7229-475b-b491-94bb7018a204}</UniqueIdentifier>
    </Filter>
    <Filter Include="Source\GameObject">
      <UniqueIdentifier>{be17b495-ceb8-4c87-abde-1085d3c0d258}</UniqueIdentifier>
    </Filter>
    <Filter Include="Source\Component\RigidBody">
      <UniqueIdentifier>{e39a681f-bb1c-45cc-944a-c5e66f66d4a7}</UniqueIdentifier>
    </Filter>
    <Filter Include="Source\Component\Animation2D">
      <UniqueIdentifier>{b9c8a60d-ffda-4f51-8065-7fd410cc2943}</UniqueIdentifier>
    </Filter>
    <Filter Include="Source\Component\Animation2D\Animation">
      <UniqueIdentifier>{2ea045a6-7ad4-473f-909f-1332b7107a3b}</UniqueIdentifier>
    </Filter>
    <Filter Include="Source\Component\Collider\Collider2D\Box">
      <UniqueIdentifier>{d00a5d12-7853-417c-9d3b-1f98ce0c7256}</UniqueIdentifier>
    </Filter>
    <Filter Include="Source\Component\Collider\Collider2D\Box\DebugDraw">
      <UniqueIdentifier>{b2b24876-ae13-4a9d-ac15-fd7ba2146b03}</UniqueIdentifier>
    </Filter>
    <Filter Include="Source\Manager\Physics">
      <UniqueIdentifier>{079ac34a-032b-4d47-9a76-1db787415fe3}</UniqueIdentifier>
    </Filter>
    <Filter Include="UI">
      <UniqueIdentifier>{6c461efc-9fed-4166-8c9a-f019f8be4f64}</UniqueIdentifier>
    </Filter>
    <Filter Include="UI\Compnent">
      <UniqueIdentifier>{8cf8ceb7-d623-4d14-8326-33212630eb86}</UniqueIdentifier>
    </Filter>
    <Filter Include="UI\Widget">
      <UniqueIdentifier>{2eaeef15-6d6b-48b1-8e2e-ffffe384deb3}</UniqueIdentifier>
    </Filter>
    <Filter Include="UI\Widget\CnavasPanel">
      <UniqueIdentifier>{ed9e71b4-351d-48e3-8e81-542666cef756}</UniqueIdentifier>
    </Filter>
  </ItemGroup>
  <ItemGroup>
    <ClInclude Include="framework.h">
      <Filter>헤더 파일</Filter>
    </ClInclude>
    <ClInclude Include="pch.h">
      <Filter>헤더 파일</Filter>
    </ClInclude>
    <ClInclude Include="CEntity.h">
      <Filter>Source</Filter>
    </ClInclude>
    <ClInclude Include="CResource.h">
      <Filter>Source\Resource</Filter>
    </ClInclude>
    <ClInclude Include="CGraphicsShader.h">
      <Filter>Source\Resource\Shader\GraphicShader</Filter>
    </ClInclude>
    <ClInclude Include="CMaterial.h">
      <Filter>Source\Resource\Material</Filter>
    </ClInclude>
    <ClInclude Include="CMesh.h">
      <Filter>Source\Resource\Mesh</Filter>
    </ClInclude>
    <ClInclude Include="CTexture.h">
      <Filter>Source\Resource\Texture</Filter>
    </ClInclude>
    <ClInclude Include="CPrefab.h">
      <Filter>Source\Resource\Prefab</Filter>
    </ClInclude>
    <ClInclude Include="CComponent.h">
      <Filter>Source\Component</Filter>
    </ClInclude>
    <ClInclude Include="CCamera.h">
      <Filter>Source\Component\Camera</Filter>
    </ClInclude>
    <ClInclude Include="CCollider2D.h">
      <Filter>Source\Component\Collider\Collider2D</Filter>
    </ClInclude>
    <ClInclude Include="CLight2D.h">
      <Filter>Source\Component\Light\Light2D</Filter>
    </ClInclude>
    <ClInclude Include="CMeshRender.h">
      <Filter>Source\Component\MeshRender</Filter>
    </ClInclude>
    <ClInclude Include="CScript.h">
      <Filter>Source\Component\Script</Filter>
    </ClInclude>
    <ClInclude Include="CShader.h">
      <Filter>Source\Resource\Shader</Filter>
    </ClInclude>
    <ClInclude Include="CTransform.h">
      <Filter>Source\Component\Transform</Filter>
    </ClInclude>
    <ClInclude Include="common.h">
      <Filter>Source\Header</Filter>
    </ClInclude>
    <ClInclude Include="define.h">
      <Filter>Source\Header</Filter>
    </ClInclude>
    <ClInclude Include="extern.h">
      <Filter>Source\Header</Filter>
    </ClInclude>
    <ClInclude Include="func.h">
      <Filter>Source\Header</Filter>
    </ClInclude>
    <ClInclude Include="struct.h">
      <Filter>Source\Header</Filter>
    </ClInclude>
    <ClInclude Include="singleton.h">
      <Filter>Source\Module\Singleton</Filter>
    </ClInclude>
    <ClInclude Include="SimpleMath.h">
      <Filter>Source\Module\SimpleMath</Filter>
    </ClInclude>
    <ClInclude Include="CCollisionManager.h">
      <Filter>Source\Manager\Collision</Filter>
    </ClInclude>
    <ClInclude Include="CEventManager.h">
      <Filter>Source\Manager\Event</Filter>
    </ClInclude>
    <ClInclude Include="CKeyManager.h">
      <Filter>Source\Manager\Key</Filter>
    </ClInclude>
    <ClInclude Include="CPathManager.h">
      <Filter>Source\Manager\Path</Filter>
    </ClInclude>
    <ClInclude Include="CResourceManager.h">
      <Filter>Source\Manager\Resource</Filter>
    </ClInclude>
    <ClInclude Include="CRenderManager.h">
      <Filter>Source\Manager\Render</Filter>
    </ClInclude>
    <ClInclude Include="CSceneManager.h">
      <Filter>Source\Manager\SceneManager</Filter>
    </ClInclude>
    <ClInclude Include="CScene.h">
      <Filter>Source\Manager\SceneManager\Scene</Filter>
    </ClInclude>
    <ClInclude Include="CTimeManager.h">
      <Filter>Source\Manager\Time</Filter>
    </ClInclude>
    <ClInclude Include="CComputeShader.h">
      <Filter>Source\Resource\Shader\ComputeShader</Filter>
    </ClInclude>
    <ClInclude Include="CDevice.h">
      <Filter>Source\Device</Filter>
    </ClInclude>
    <ClInclude Include="CConstBuffer.h">
      <Filter>Source\Device\ConstBuffer</Filter>
    </ClInclude>
    <ClInclude Include="CLayer.h">
      <Filter>Source\Manager\SceneManager\Layer</Filter>
    </ClInclude>
    <ClInclude Include="ptr.h">
      <Filter>Source\Resource</Filter>
    </ClInclude>
    <ClInclude Include="CCore.h">
      <Filter>Source\Core</Filter>
    </ClInclude>
    <ClInclude Include="CGameObject.h">
      <Filter>Source\GameObject</Filter>
    </ClInclude>
    <ClInclude Include="CAnimator2D.h">
      <Filter>Source\Component\Animation2D</Filter>
    </ClInclude>
    <ClInclude Include="CAnimation2D.h">
      <Filter>Source\Component\Animation2D\Animation</Filter>
    </ClInclude>
    <ClInclude Include="CStructuredBuffer.h">
      <Filter>Source\Device\StructureBuffer</Filter>
    </ClInclude>
    <ClInclude Include="CParticleSystem.h">
      <Filter>Source\Component\ParticleSystem</Filter>
    </ClInclude>
    <ClInclude Include="CTestComputeShader.h">
      <Filter>Source\ShaderCode\ComputeShader\Test</Filter>
    </ClInclude>
    <ClInclude Include="CParticleUpdateShader.h">
      <Filter>Source\ShaderCode\ComputeShader\ParticleUpdateShader</Filter>
    </ClInclude>
    <ClInclude Include="CTileMap.h">
      <Filter>Source\Component\TileMap</Filter>
    </ClInclude>
    <ClInclude Include="magic_enum.hpp">
      <Filter>Source\Header</Filter>
    </ClInclude>
    <ClInclude Include="CRigidBody2D.h">
      <Filter>Source\Component\RigidBody</Filter>
    </ClInclude>
    <ClInclude Include="CUIComponent.h">
      <Filter>UI\Compnent</Filter>
    </ClInclude>
    <ClInclude Include="GameWidget.h">
      <Filter>UI\Widget</Filter>
    </ClInclude>
    <ClInclude Include="CanvasPanelWidget.h">
      <Filter>UI\Widget\CnavasPanel</Filter>
    </ClInclude>
    <ClInclude Include="CBox2DCollider.h">
      <Filter>Source\Component\Collider\Collider2D\Box</Filter>
    </ClInclude>
    <ClInclude Include="Box2DColliderDebugDraw.h">
      <Filter>Source\Component\Collider\Collider2D\Box\DebugDraw</Filter>
    </ClInclude>
    <ClInclude Include="CPhysicsManager.h">
      <Filter>Source\Manager\Physics</Filter>
    </ClInclude>
  </ItemGroup>
  <ItemGroup>
    <ClCompile Include="pch.cpp">
      <Filter>Source\FiILE</Filter>
    </ClCompile>
    <ClCompile Include="CEntity.cpp">
      <Filter>Source</Filter>
    </ClCompile>
    <ClCompile Include="CResource.cpp">
      <Filter>Source\Resource</Filter>
    </ClCompile>
    <ClCompile Include="CGraphicsShader.cpp">
      <Filter>Source\Resource\Shader\GraphicShader</Filter>
    </ClCompile>
    <ClCompile Include="CMaterial.cpp">
      <Filter>Source\Resource\Material</Filter>
    </ClCompile>
    <ClCompile Include="CMesh.cpp">
      <Filter>Source\Resource\Mesh</Filter>
    </ClCompile>
    <ClCompile Include="CTexture.cpp">
      <Filter>Source\Resource\Texture</Filter>
    </ClCompile>
    <ClCompile Include="CPrefab.cpp">
      <Filter>Source\Resource\Prefab</Filter>
    </ClCompile>
    <ClCompile Include="CComponent.cpp">
      <Filter>Source\Component</Filter>
    </ClCompile>
    <ClCompile Include="CCamera.cpp">
      <Filter>Source\Component\Camera</Filter>
    </ClCompile>
    <ClCompile Include="CCollider2D.cpp">
      <Filter>Source\Component\Collider\Collider2D</Filter>
    </ClCompile>
    <ClCompile Include="CLight2D.cpp">
      <Filter>Source\Component\Light\Light2D</Filter>
    </ClCompile>
    <ClCompile Include="CMeshRender.cpp">
      <Filter>Source\Component\MeshRender</Filter>
    </ClCompile>
    <ClCompile Include="CScript.cpp">
      <Filter>Source\Component\Script</Filter>
    </ClCompile>
    <ClCompile Include="CShader.cpp">
      <Filter>Source\Resource\Shader</Filter>
    </ClCompile>
    <ClCompile Include="CTransform.cpp">
      <Filter>Source\Component\Transform</Filter>
    </ClCompile>
    <ClCompile Include="CCollisionManager.cpp">
      <Filter>Source\Manager\Collision</Filter>
    </ClCompile>
    <ClCompile Include="CEventManager.cpp">
      <Filter>Source\Manager\Event</Filter>
    </ClCompile>
    <ClCompile Include="CKeyManager.cpp">
      <Filter>Source\Manager\Key</Filter>
    </ClCompile>
    <ClCompile Include="CPathManager.cpp">
      <Filter>Source\Manager\Path</Filter>
    </ClCompile>
    <ClCompile Include="CResourceManager.cpp">
      <Filter>Source\Manager\Resource</Filter>
    </ClCompile>
    <ClCompile Include="CResourceManager_init.cpp">
      <Filter>Source\Manager\Resource</Filter>
    </ClCompile>
    <ClCompile Include="CRenderManager.cpp">
      <Filter>Source\Manager\Render</Filter>
    </ClCompile>
    <ClCompile Include="CScene.cpp">
      <Filter>Source\Manager\SceneManager\Scene</Filter>
    </ClCompile>
    <ClCompile Include="CTimeManager.cpp">
      <Filter>Source\Manager\Time</Filter>
    </ClCompile>
    <ClCompile Include="CComputeShader.cpp">
      <Filter>Source\Resource\Shader\ComputeShader</Filter>
    </ClCompile>
    <ClCompile Include="extern.cpp">
      <Filter>Source\FiILE</Filter>
    </ClCompile>
    <ClCompile Include="func.cpp">
      <Filter>Source\FiILE</Filter>
    </ClCompile>
    <ClCompile Include="util.cpp">
      <Filter>Source\FiILE</Filter>
    </ClCompile>
    <ClCompile Include="CDevice.cpp">
      <Filter>Source\Device</Filter>
    </ClCompile>
    <ClCompile Include="CConstBuffer.cpp">
      <Filter>Source\Device\ConstBuffer</Filter>
    </ClCompile>
    <ClCompile Include="CLayer.cpp">
      <Filter>Source\Manager\SceneManager\Layer</Filter>
    </ClCompile>
    <ClCompile Include="CCore.cpp">
      <Filter>Source\Core</Filter>
    </ClCompile>
    <ClCompile Include="CGameObject.cpp">
      <Filter>Source\GameObject</Filter>
    </ClCompile>
    <ClCompile Include="CAnimator2D.cpp">
      <Filter>Source\Component\Animation2D</Filter>
    </ClCompile>
    <ClCompile Include="CAnimation2D.cpp">
      <Filter>Source\Component\Animation2D\Animation</Filter>
    </ClCompile>
    <ClCompile Include="CStructuredBuffer.cpp">
      <Filter>Source\Device\StructureBuffer</Filter>
    </ClCompile>
    <ClCompile Include="CParticleSystem.cpp">
      <Filter>Source\Component\ParticleSystem</Filter>
    </ClCompile>
    <ClCompile Include="CTestComputeShader.cpp">
      <Filter>Source\ShaderCode\ComputeShader\Test</Filter>
    </ClCompile>
    <ClCompile Include="CParticleUpdateShader.cpp">
      <Filter>Source\ShaderCode\ComputeShader\ParticleUpdateShader</Filter>
    </ClCompile>
    <ClCompile Include="CSceneManager.cpp">
      <Filter>Source\Manager\SceneManager</Filter>
    </ClCompile>
    <ClCompile Include="CTileMap.cpp">
      <Filter>Source\Component\TileMap</Filter>
    </ClCompile>
    <ClCompile Include="CRigidBody2D.cpp">
      <Filter>Source\Component\RigidBody</Filter>
    </ClCompile>
    <ClCompile Include="CUIComponent.cpp">
      <Filter>UI\Compnent</Filter>
    </ClCompile>
    <ClCompile Include="GameWidget.cpp">
      <Filter>UI\Widget</Filter>
    </ClCompile>
    <ClCompile Include="CanvasPanelWidget.cpp">
      <Filter>UI\Widget\CnavasPanel</Filter>
    </ClCompile>
    <ClCompile Include="CBox2DCollider.cpp">
      <Filter>Source\Component\Collider\Collider2D\Box</Filter>
    </ClCompile>
    <ClCompile Include="Box2DColliderDebugDraw.cpp">
      <Filter>Source\Component\Collider\Collider2D\Box\DebugDraw</Filter>
    </ClCompile>
    <ClCompile Include="CPhysicsManager.cpp">
      <Filter>Source\Manager\Physics</Filter>
    </ClCompile>
  </ItemGroup>
  <ItemGroup>
    <None Include="SimpleMath.inl">
      <Filter>Source\Module\SimpleMath</Filter>
    </None>
  </ItemGroup>
  <ItemGroup>
    <FxCompile Include="function.fx">
      <Filter>Source\ShaderCode</Filter>
    </FxCompile>
    <FxCompile Include="value.fx">
      <Filter>Source\ShaderCode</Filter>
    </FxCompile>
    <FxCompile Include="monsterhpshader.fx">
      <Filter>Source\ShaderCode\GraphicShader</Filter>
    </FxCompile>
    <FxCompile Include="std2d.fx">
      <Filter>Source\ShaderCode\GraphicShader</Filter>
    </FxCompile>
    <FxCompile Include="light2dshader.fx">
      <Filter>Source\ShaderCode\GraphicShader</Filter>
    </FxCompile>
    <FxCompile Include="collider2dshader.fx">
      <Filter>Source\ShaderCode\GraphicShader</Filter>
    </FxCompile>
    <FxCompile Include="test_compute_shader.fx">
      <Filter>Source\ShaderCode\ComputeShader\Test</Filter>
    </FxCompile>
    <FxCompile Include="particle_update_shader.fx">
      <Filter>Source\ShaderCode\ComputeShader\ParticleUpdateShader</Filter>
    </FxCompile>
    <FxCompile Include="particle_shader.fx">
      <Filter>Source\ShaderCode\GraphicShader</Filter>
    </FxCompile>
    <FxCompile Include="post_effect.fx">
      <Filter>Source\ShaderCode\GraphicShader</Filter>
    </FxCompile>
    <FxCompile Include="tile_map_shader.fx">
      <Filter>Source\ShaderCode\GraphicShader</Filter>
    </FxCompile>
    <FxCompile Include="struct.fx">
      <Filter>Source\ShaderCode</Filter>
    </FxCompile>
    <FxCompile Include="ui_shader.fx">
      <Filter>Source\ShaderCode\GraphicShader</Filter>
    </FxCompile>
    <FxCompile Include="box2d_collider_shader.fx">
      <Filter>Source\ShaderCode\GraphicShader</Filter>
    </FxCompile>
  </ItemGroup>
</Project>