<?xml version="1.0" encoding="utf-8"?>
<Project ToolsVersion="4.0" xmlns="http://schemas.microsoft.com/developer/msbuild/2003">
  <ItemGroup>
    <Filter Include="소스 파일">
      <UniqueIdentifier>{4FC737F1-C7A5-4376-A066-2A32D752A2FF}</UniqueIdentifier>
      <Extensions>cpp;c;cc;cxx;c++;cppm;ixx;def;odl;idl;hpj;bat;asm;asmx</Extensions>
    </Filter>
    <Filter Include="헤더 파일">
      <UniqueIdentifier>{93995380-89BD-4b04-88EB-625FBE52EBFB}</UniqueIdentifier>
      <Extensions>h;hh;hpp;hxx;h++;hm;inl;inc;ipp;xsd</Extensions>
    </Filter>
    <Filter Include="리소스 파일">
      <UniqueIdentifier>{67DA6AB6-F800-4c08-8B7A-83BB121AAD01}</UniqueIdentifier>
      <Extensions>rc;ico;cur;bmp;dlg;rc2;rct;bin;rgs;gif;jpg;jpeg;jpe;resx;tiff;tif;png;wav;mfcribbon-ms</Extensions>
    </Filter>
    <Filter Include="소스 파일\Tool">
      <UniqueIdentifier>{787c06ec-e5ed-436d-9fef-f548c84cb002}</UniqueIdentifier>
    </Filter>
    <Filter Include="소스 파일\Tool\ImGuiManager">
      <UniqueIdentifier>{374ca756-67c8-4f90-a6fe-dfb1afe0b39b}</UniqueIdentifier>
    </Filter>
    <Filter Include="소스 파일\Tool\Widget">
      <UniqueIdentifier>{fd50a978-8922-465c-8ee1-39b4c7e67b6b}</UniqueIdentifier>
    </Filter>
    <Filter Include="소스 파일\Tool\Widget\MenuBar">
      <UniqueIdentifier>{fc9a5861-7663-4223-bedb-881c233d9948}</UniqueIdentifier>
    </Filter>
    <Filter Include="ImGui">
      <UniqueIdentifier>{aa4f0f78-1b6f-4bce-81b8-e146cb40157e}</UniqueIdentifier>
    </Filter>
    <Filter Include="소스 파일\Tool\Widget\ToolUI">
      <UniqueIdentifier>{42c71b4b-0742-459b-97c2-3aa4b9ff0f7f}</UniqueIdentifier>
    </Filter>
    <Filter Include="소스 파일\Tool\Widget\ToolUI\Inspector">
      <UniqueIdentifier>{2e1c2fbb-192d-4068-ab40-3bcaf2ba67df}</UniqueIdentifier>
    </Filter>
    <Filter Include="소스 파일\Tool\Widget\ToolUI\Inspector\Component">
      <UniqueIdentifier>{c67f000e-fe6e-43c5-bf0f-f77fda40fc94}</UniqueIdentifier>
    </Filter>
    <Filter Include="소스 파일\Tool\Widget\ToolUI\Inspector\Component\MeshRender">
      <UniqueIdentifier>{f2247730-31c1-40ff-a64f-7026a1ffc361}</UniqueIdentifier>
    </Filter>
    <Filter Include="소스 파일\Tool\Widget\ToolUI\Inspector\Component\Resource">
      <UniqueIdentifier>{a64c7a5a-36fb-4fed-9bb0-cc443730a87f}</UniqueIdentifier>
    </Filter>
    <Filter Include="소스 파일\Tool\Widget\ToolUI\Inspector\Component\Transform">
      <UniqueIdentifier>{7816eda7-3102-46ab-9598-307eb7845b4a}</UniqueIdentifier>
    </Filter>
  </ItemGroup>
  <ItemGroup>
    <ClInclude Include="framework.h">
      <Filter>헤더 파일</Filter>
    </ClInclude>
    <ClInclude Include="targetver.h">
      <Filter>헤더 파일</Filter>
    </ClInclude>
    <ClInclude Include="Resource.h">
      <Filter>헤더 파일</Filter>
    </ClInclude>
    <ClInclude Include="Client.h">
      <Filter>헤더 파일</Filter>
    </ClInclude>
    <ClInclude Include="pch.h">
      <Filter>헤더 파일</Filter>
    </ClInclude>
    <ClInclude Include="WidgetManager.h">
      <Filter>소스 파일\Tool\ImGuiManager</Filter>
    </ClInclude>
    <ClInclude Include="Widget.h">
      <Filter>소스 파일\Tool\Widget</Filter>
    </ClInclude>
    <ClInclude Include="imconfig.h">
      <Filter>ImGui</Filter>
    </ClInclude>
    <ClInclude Include="imgui.h">
      <Filter>ImGui</Filter>
    </ClInclude>
    <ClInclude Include="imgui_internal.h">
      <Filter>ImGui</Filter>
    </ClInclude>
    <ClInclude Include="imstb_rectpack.h">
      <Filter>ImGui</Filter>
    </ClInclude>
    <ClInclude Include="imstb_textedit.h">
      <Filter>ImGui</Filter>
    </ClInclude>
    <ClInclude Include="imstb_truetype.h">
      <Filter>ImGui</Filter>
    </ClInclude>
    <ClInclude Include="imgui_impl_dx11.h">
      <Filter>ImGui</Filter>
    </ClInclude>
    <ClInclude Include="imgui_impl_win32.h">
      <Filter>ImGui</Filter>
    </ClInclude>
    <ClInclude Include="MenuWidget.h">
      <Filter>소스 파일\Tool\Widget\MenuBar</Filter>
    </ClInclude>
    <ClInclude Include="InspectorWidget.h">
      <Filter>소스 파일\Tool\Widget\ToolUI\Inspector</Filter>
    </ClInclude>
    <ClInclude Include="ComponentWidget.h">
      <Filter>소스 파일\Tool\Widget\ToolUI\Inspector\Component</Filter>
    </ClInclude>
    <ClInclude Include="TransformWidget.h">
      <Filter>소스 파일\Tool\Widget\ToolUI\Inspector\Component\Transform</Filter>
    </ClInclude>
  </ItemGroup>
  <ItemGroup>
    <ResourceCompile Include="Client.rc">
      <Filter>리소스 파일</Filter>
    </ResourceCompile>
  </ItemGroup>
  <ItemGroup>
    <Image Include="small.ico">
      <Filter>리소스 파일</Filter>
    </Image>
    <Image Include="Client.ico">
      <Filter>리소스 파일</Filter>
    </Image>
  </ItemGroup>
  <ItemGroup>
    <ClCompile Include="main.cpp">
      <Filter>소스 파일</Filter>
    </ClCompile>
    <ClCompile Include="pch.cpp">
      <Filter>소스 파일</Filter>
    </ClCompile>
    <ClCompile Include="WidgetManager.cpp">
      <Filter>소스 파일\Tool\ImGuiManager</Filter>
    </ClCompile>
    <ClCompile Include="Widget.cpp">
      <Filter>소스 파일\Tool\Widget</Filter>
    </ClCompile>
    <ClCompile Include="imgui.cpp">
      <Filter>ImGui</Filter>
    </ClCompile>
    <ClCompile Include="imgui_demo.cpp">
      <Filter>ImGui</Filter>
    </ClCompile>
    <ClCompile Include="imgui_draw.cpp">
      <Filter>ImGui</Filter>
    </ClCompile>
    <ClCompile Include="imgui_tables.cpp">
      <Filter>ImGui</Filter>
    </ClCompile>
    <ClCompile Include="imgui_widgets.cpp">
      <Filter>ImGui</Filter>
    </ClCompile>
    <ClCompile Include="imgui_impl_dx11.cpp">
      <Filter>ImGui</Filter>
    </ClCompile>
    <ClCompile Include="imgui_impl_win32.cpp">
      <Filter>ImGui</Filter>
    </ClCompile>
    <ClCompile Include="MenuWidget.cpp">
      <Filter>소스 파일\Tool\Widget\MenuBar</Filter>
    </ClCompile>
    <ClCompile Include="InspectorWidget.cpp">
      <Filter>소스 파일\Tool\Widget\ToolUI\Inspector</Filter>
    </ClCompile>
    <ClCompile Include="simple_math_extern.cpp">
      <Filter>헤더 파일</Filter>
    </ClCompile>
    <ClCompile Include="ComponentWidget.cpp">
      <Filter>소스 파일\Tool\Widget\ToolUI\Inspector\Component</Filter>
    </ClCompile>
    <ClCompile Include="TransformWidget.cpp">
      <Filter>소스 파일\Tool\Widget\ToolUI\Inspector\Component\Transform</Filter>
    </ClCompile>
  </ItemGroup>
</Project>